PODS:
  - BackgroundUpload-CocoaLumberjack (0.2.0):
    - CocoaLumberjack
  - CocoaLumberjack (1.9.2):
    - CocoaLumberjack/Extensions (= 1.9.2)
  - CocoaLumberjack/Core (1.9.2)
  - CocoaLumberjack/Extensions (1.9.2):
    - CocoaLumberjack/Core

DEPENDENCIES:
  - BackgroundUpload-CocoaLumberjack (from `../`)

EXTERNAL SOURCES:
  BackgroundUpload-CocoaLumberjack:
    :path: ../

SPEC CHECKSUMS:
  BackgroundUpload-CocoaLumberjack: 102f9cc81e398d1deff780c2aa67707a0ce4187d
  CocoaLumberjack: 205769c032b5fef85b92472046bcc8b7e7c8a817

COCOAPODS: 0.35.0
